
Microsoft Visual Studio Solution File, Format Version 12.00
# Visual Studio Version 17
VisualStudioVersion = 17.14.36414.22 d17.14
MinimumVisualStudioVersion = 10.0.40219.1
Project("{FAE04EC0-301F-11D3-BF4B-00C04F79EFBC}") = "FormularzStudenta", "FormularzStudenta.csproj", "{9D095365-7854-4229-8925-F472EDFBE268}"
EndProject
Global
	GlobalSection(SolutionConfigurationPlatforms) = preSolution
		Debug|Any CPU = Debug|Any CPU
		Release|Any CPU = Release|Any CPU
	EndGlobalSection
	GlobalSection(ProjectConfigurationPlatforms) = postSolution
		{9D095365-7854-4229-8925-F472EDFBE268}.Debug|Any CPU.ActiveCfg = Debug|Any CPU
		{9D095365-7854-4229-8925-F472EDFBE268}.Debug|Any CPU.Build.0 = Debug|Any CPU
		{9D095365-7854-4229-8925-F472EDFBE268}.Release|Any CPU.ActiveCfg = Release|Any CPU
		{9D095365-7854-4229-8925-F472EDFBE268}.Release|Any CPU.Build.0 = Release|Any CPU
	EndGlobalSection
	GlobalSection(SolutionProperties) = preSolution
		HideSolutionNode = FALSE
	EndGlobalSection
	GlobalSection(ExtensibilityGlobals) = postSolution
		SolutionGuid = {46C91496-175B-4A19-9C2B-ACB9B5E800D4}
	EndGlobalSection
EndGlobal
